
Microsoft Visual Studio Solution File, Format Version 12.00
# Visual Studio Version 16
VisualStudioVersion = 16.0.28803.156
MinimumVisualStudioVersion = 10.0.40219.1
Project("{8BC9CEB8-8B4A-11D0-8D11-00A0C91BC942}") = "DirectX_Lib", "DirectX_Lib\DirectX_Lib.vcxproj", "{F353D9BF-3D13-4A6C-9ACC-CB30F8583924}"
EndProject
Global
	GlobalSection(SolutionConfigurationPlatforms) = preSolution
		Debug|x64 = Debug|x64
		Debug|x86 = Debug|x86
		Release|x64 = Release|x64
		Release|x86 = Release|x86
	EndGlobalSection
	GlobalSection(ProjectConfigurationPlatforms) = postSolution
		{F353D9BF-3D13-4A6C-9ACC-CB30F8583924}.Debug|x64.ActiveCfg = Debug|x64
		{F353D9BF-3D13-4A6C-9ACC-CB30F8583924}.Debug|x64.Build.0 = Debug|x64
		{F353D9BF-3D13-4A6C-9ACC-CB30F8583924}.Debug|x86.ActiveCfg = Debug|Win32
		{F353D9BF-3D13-4A6C-9ACC-CB30F8583924}.Debug|x86.Build.0 = Debug|Win32
		{F353D9BF-3D13-4A6C-9ACC-CB30F8583924}.Release|x64.ActiveCfg = Release|x64
		{F353D9BF-3D13-4A6C-9ACC-CB30F8583924}.Release|x64.Build.0 = Release|x64
		{F353D9BF-3D13-4A6C-9ACC-CB30F8583924}.Release|x86.ActiveCfg = Release|Win32
		{F353D9BF-3D13-4A6C-9ACC-CB30F8583924}.Release|x86.Build.0 = Release|Win32
	EndGlobalSection
	GlobalSection(SolutionProperties) = preSolution
		HideSolutionNode = FALSE
	EndGlobalSection
	GlobalSection(ExtensibilityGlobals) = postSolution
		SolutionGuid = {A3629C49-4882-4BBE-9653-14B66D07DE11}
	EndGlobalSection
EndGlobal
